{
  "originHash" : "b42247a00b153ab312de89a669d2ad28ce7caff0da2ca58f4802a846fd61c427",
  "pins" : [
    {
      "identity" : "karabiner-elements-user-command-receiver",
      "kind" : "remoteSourceControl",
      "location" : "https://github.com/pqrs-org/Karabiner-Elements-user-command-receiver",
      "state" : {
        "revision" : "c5ea194f98a2c06d963a73712fcd676123fd588f",
        "version" : "1.1.0"
      }
    }
  ],
  "version" : 3
}
