{
  "originHash" : "b42247a00b153ab312de89a669d2ad28ce7caff0da2ca58f4802a846fd61c427",
  "pins" : [
    {
      "identity" : "karabiner-elements-user-command-receiver",
      "kind" : "remoteSourceControl",
      "location" : "https://github.com/pqrs-org/Karabiner-Elements-user-command-receiver",
      "state" : {
        "revision" : "8e5cc62ec8b42c749aa8660ca601434c1747b0fd",
        "version" : "1.2.0"
      }
    }
  ],
  "version" : 3
}
